
Microsoft Visual Studio Solution File, Format Version 12.00
# Visual Studio Version 17
VisualStudioVersion = 17.3.32929.385
MinimumVisualStudioVersion = 10.0.40219.1
Project("{FAE04EC0-301F-11D3-BF4B-00C04F79EFBC}") = "Cinema-World", "Cinema-World\Cinema-World.csproj", "{8FBAC690-EA15-4597-8D6F-11C253C13DBD}"
EndProject
Global
	GlobalSection(SolutionConfigurationPlatforms) = preSolution
		Debug|Any CPU = Debug|Any CPU
		Release|Any CPU = Release|Any CPU
	EndGlobalSection
	GlobalSection(ProjectConfigurationPlatforms) = postSolution
		{8FBAC690-EA15-4597-8D6F-11C253C13DBD}.Debug|Any CPU.ActiveCfg = Debug|Any CPU
		{8FBAC690-EA15-4597-8D6F-11C253C13DBD}.Debug|Any CPU.Build.0 = Debug|Any CPU
		{8FBAC690-EA15-4597-8D6F-11C253C13DBD}.Release|Any CPU.ActiveCfg = Release|Any CPU
		{8FBAC690-EA15-4597-8D6F-11C253C13DBD}.Release|Any CPU.Build.0 = Release|Any CPU
	EndGlobalSection
	GlobalSection(SolutionProperties) = preSolution
		HideSolutionNode = FALSE
	EndGlobalSection
	GlobalSection(ExtensibilityGlobals) = postSolution
		SolutionGuid = {A9257265-BEAA-4BDB-B045-169BA7D1DCF9}
	EndGlobalSection
EndGlobal
